{
  "originHash" : "0dba46f10833826bc7e10345baf460d2974d3e89c9d16067e3246a3ed28c3302",
  "pins" : [
    {
      "identity" : "babyagetracker",
      "kind" : "remoteSourceControl",
      "location" : "https://github.com/maxwell44/BabyAgeTracker.git",
      "state" : {
        "branch" : "main",
        "revision" : "75ff90bf0a64facb6e2332e179341b9b493d1dd0"
      }
    }
  ],
  "version" : 3
}
